
Microsoft Visual Studio Solution File, Format Version 12.00
# 
Project("{2150E333-8FDC-42A3-9474-1A3956D46DE8}") = "blog-projects", "blog-projects", "{BD4CDE4B-011E-FE7C-D31A-E78593DFB4A8}"
EndProject
Project("{2150E333-8FDC-42A3-9474-1A3956D46DE8}") = "2025", "2025", "{8C8A278B-0944-8166-A8CB-1CF960ADC306}"
EndProject
Project("{2150E333-8FDC-42A3-9474-1A3956D46DE8}") = "EfCoreTagging", "EfCoreTagging", "{CE3FF11D-94B1-A2A1-792A-E22BBB8C19FB}"
EndProject
Project("{FAE04EC0-301F-11D3-BF4B-00C04F79EFBC}") = "EfCoreTagging.SourceGenerator", "blog-projects\2025\EfCoreTagging\EfCoreTagging.SourceGenerator\EfCoreTagging.SourceGenerator.csproj", "{846401C3-B7A7-A1DB-E3C1-E3EB740DAC85}"
EndProject
Project("{FAE04EC0-301F-11D3-BF4B-00C04F79EFBC}") = "EfCoreTagging", "blog-projects\2025\EfCoreTagging\EfCoreTagging\EfCoreTagging.csproj", "{6D8AB7BE-CB4A-1B24-6223-EB23109A2C21}"
EndProject
Project("{2150E333-8FDC-42A3-9474-1A3956D46DE8}") = "src", "src", "{827E0CD3-B72D-47B6-A68D-7590B98EB39B}"
EndProject
Project("{FAE04EC0-301F-11D3-BF4B-00C04F79EFBC}") = "MyLittleContentEngine", "src\MyLittleContentEngine\MyLittleContentEngine.csproj", "{4DA592C0-8A41-8DA2-6204-4412183F5C6B}"
EndProject
Project("{FAE04EC0-301F-11D3-BF4B-00C04F79EFBC}") = "Thirty25.Web", "src\Thirty25.Web\Thirty25.Web.csproj", "{FE89E5BC-DA42-4E19-BBB1-4E3982535E8B}"
EndProject
Project("{FAE04EC0-301F-11D3-BF4B-00C04F79EFBC}") = "Gbnf", "blog-projects\2025\GbnfGeneration\Gbnf\Gbnf.csproj", "{AC2AFB45-948C-4F7F-AC21-9446B0E29503}"
EndProject
Project("{2150E333-8FDC-42A3-9474-1A3956D46DE8}") = "GbnfGeneration", "GbnfGeneration", "{4F5686FF-6D68-4298-9FA1-708CA8989D34}"
EndProject
Project("{FAE04EC0-301F-11D3-BF4B-00C04F79EFBC}") = "MyLittleContentEngine.MonorailCss", "src\MyLittleContentEngine.MonorailCss\MyLittleContentEngine.MonorailCss.csproj", "{D4FEE5C2-4ACC-44E4-AB19-CC36AA6CAD33}"
EndProject
Project("{FAE04EC0-301F-11D3-BF4B-00C04F79EFBC}") = "MyLittleContentEngine.Docs", "src\MyLittleContentEngine.Docs\MyLittleContentEngine.Docs.csproj", "{B82E53EC-F303-4238-A5CF-B4F47528FC6E}"
EndProject
Project("{2150E333-8FDC-42A3-9474-1A3956D46DE8}") = "tests", "tests", "{72DC4AAD-A837-4C45-AB88-7A18E63256E0}"
EndProject
Project("{FAE04EC0-301F-11D3-BF4B-00C04F79EFBC}") = "MyLittleContentEngine.Tests", "tests\MyLittleContentEngine.Tests\MyLittleContentEngine.Tests.csproj", "{6A9C5BE4-2A98-4990-A0C8-D77F7A6BAA84}"
EndProject
Project("{FAE04EC0-301F-11D3-BF4B-00C04F79EFBC}") = "MyLittleContentEngine.UI", "src\MyLittleContentEngine.UI\MyLittleContentEngine.UI.csproj", "{3EA94722-20BF-413C-AFFC-09971A332C6A}"
EndProject
Global
	GlobalSection(SolutionConfigurationPlatforms) = preSolution
		Debug|Any CPU = Debug|Any CPU
		Release|Any CPU = Release|Any CPU
	EndGlobalSection
	GlobalSection(ProjectConfigurationPlatforms) = postSolution
		{846401C3-B7A7-A1DB-E3C1-E3EB740DAC85}.Debug|Any CPU.ActiveCfg = Debug|Any CPU
		{846401C3-B7A7-A1DB-E3C1-E3EB740DAC85}.Debug|Any CPU.Build.0 = Debug|Any CPU
		{846401C3-B7A7-A1DB-E3C1-E3EB740DAC85}.Release|Any CPU.ActiveCfg = Release|Any CPU
		{846401C3-B7A7-A1DB-E3C1-E3EB740DAC85}.Release|Any CPU.Build.0 = Release|Any CPU
		{6D8AB7BE-CB4A-1B24-6223-EB23109A2C21}.Debug|Any CPU.ActiveCfg = Debug|Any CPU
		{6D8AB7BE-CB4A-1B24-6223-EB23109A2C21}.Debug|Any CPU.Build.0 = Debug|Any CPU
		{6D8AB7BE-CB4A-1B24-6223-EB23109A2C21}.Release|Any CPU.ActiveCfg = Release|Any CPU
		{6D8AB7BE-CB4A-1B24-6223-EB23109A2C21}.Release|Any CPU.Build.0 = Release|Any CPU
		{4DA592C0-8A41-8DA2-6204-4412183F5C6B}.Debug|Any CPU.ActiveCfg = Debug|Any CPU
		{4DA592C0-8A41-8DA2-6204-4412183F5C6B}.Debug|Any CPU.Build.0 = Debug|Any CPU
		{4DA592C0-8A41-8DA2-6204-4412183F5C6B}.Release|Any CPU.ActiveCfg = Release|Any CPU
		{4DA592C0-8A41-8DA2-6204-4412183F5C6B}.Release|Any CPU.Build.0 = Release|Any CPU
		{FE89E5BC-DA42-4E19-BBB1-4E3982535E8B}.Debug|Any CPU.ActiveCfg = Debug|Any CPU
		{FE89E5BC-DA42-4E19-BBB1-4E3982535E8B}.Debug|Any CPU.Build.0 = Debug|Any CPU
		{FE89E5BC-DA42-4E19-BBB1-4E3982535E8B}.Release|Any CPU.ActiveCfg = Release|Any CPU
		{FE89E5BC-DA42-4E19-BBB1-4E3982535E8B}.Release|Any CPU.Build.0 = Release|Any CPU
		{AC2AFB45-948C-4F7F-AC21-9446B0E29503}.Debug|Any CPU.ActiveCfg = Debug|Any CPU
		{AC2AFB45-948C-4F7F-AC21-9446B0E29503}.Debug|Any CPU.Build.0 = Debug|Any CPU
		{AC2AFB45-948C-4F7F-AC21-9446B0E29503}.Release|Any CPU.ActiveCfg = Release|Any CPU
		{AC2AFB45-948C-4F7F-AC21-9446B0E29503}.Release|Any CPU.Build.0 = Release|Any CPU
		{D4FEE5C2-4ACC-44E4-AB19-CC36AA6CAD33}.Debug|Any CPU.ActiveCfg = Debug|Any CPU
		{D4FEE5C2-4ACC-44E4-AB19-CC36AA6CAD33}.Debug|Any CPU.Build.0 = Debug|Any CPU
		{D4FEE5C2-4ACC-44E4-AB19-CC36AA6CAD33}.Release|Any CPU.ActiveCfg = Release|Any CPU
		{D4FEE5C2-4ACC-44E4-AB19-CC36AA6CAD33}.Release|Any CPU.Build.0 = Release|Any CPU
		{B82E53EC-F303-4238-A5CF-B4F47528FC6E}.Debug|Any CPU.ActiveCfg = Debug|Any CPU
		{B82E53EC-F303-4238-A5CF-B4F47528FC6E}.Debug|Any CPU.Build.0 = Debug|Any CPU
		{B82E53EC-F303-4238-A5CF-B4F47528FC6E}.Release|Any CPU.ActiveCfg = Release|Any CPU
		{B82E53EC-F303-4238-A5CF-B4F47528FC6E}.Release|Any CPU.Build.0 = Release|Any CPU
		{6A9C5BE4-2A98-4990-A0C8-D77F7A6BAA84}.Debug|Any CPU.ActiveCfg = Debug|Any CPU
		{6A9C5BE4-2A98-4990-A0C8-D77F7A6BAA84}.Debug|Any CPU.Build.0 = Debug|Any CPU
		{6A9C5BE4-2A98-4990-A0C8-D77F7A6BAA84}.Release|Any CPU.ActiveCfg = Release|Any CPU
		{6A9C5BE4-2A98-4990-A0C8-D77F7A6BAA84}.Release|Any CPU.Build.0 = Release|Any CPU
		{3EA94722-20BF-413C-AFFC-09971A332C6A}.Debug|Any CPU.ActiveCfg = Debug|Any CPU
		{3EA94722-20BF-413C-AFFC-09971A332C6A}.Debug|Any CPU.Build.0 = Debug|Any CPU
		{3EA94722-20BF-413C-AFFC-09971A332C6A}.Release|Any CPU.ActiveCfg = Release|Any CPU
		{3EA94722-20BF-413C-AFFC-09971A332C6A}.Release|Any CPU.Build.0 = Release|Any CPU
	EndGlobalSection
	GlobalSection(NestedProjects) = preSolution
		{CE3FF11D-94B1-A2A1-792A-E22BBB8C19FB} = {8C8A278B-0944-8166-A8CB-1CF960ADC306}
		{846401C3-B7A7-A1DB-E3C1-E3EB740DAC85} = {CE3FF11D-94B1-A2A1-792A-E22BBB8C19FB}
		{6D8AB7BE-CB4A-1B24-6223-EB23109A2C21} = {CE3FF11D-94B1-A2A1-792A-E22BBB8C19FB}
		{4DA592C0-8A41-8DA2-6204-4412183F5C6B} = {827E0CD3-B72D-47B6-A68D-7590B98EB39B}
		{FE89E5BC-DA42-4E19-BBB1-4E3982535E8B} = {827E0CD3-B72D-47B6-A68D-7590B98EB39B}
		{8C8A278B-0944-8166-A8CB-1CF960ADC306} = {BD4CDE4B-011E-FE7C-D31A-E78593DFB4A8}
		{4F5686FF-6D68-4298-9FA1-708CA8989D34} = {8C8A278B-0944-8166-A8CB-1CF960ADC306}
		{AC2AFB45-948C-4F7F-AC21-9446B0E29503} = {4F5686FF-6D68-4298-9FA1-708CA8989D34}
		{D4FEE5C2-4ACC-44E4-AB19-CC36AA6CAD33} = {827E0CD3-B72D-47B6-A68D-7590B98EB39B}
		{B82E53EC-F303-4238-A5CF-B4F47528FC6E} = {827E0CD3-B72D-47B6-A68D-7590B98EB39B}
		{6A9C5BE4-2A98-4990-A0C8-D77F7A6BAA84} = {72DC4AAD-A837-4C45-AB88-7A18E63256E0}
		{3EA94722-20BF-413C-AFFC-09971A332C6A} = {827E0CD3-B72D-47B6-A68D-7590B98EB39B}
	EndGlobalSection
EndGlobal
